
Microsoft Visual Studio Solution File, Format Version 12.00
Project("{FAE04EC0-301F-11D3-BF4B-00C04F79EFBC}") = "Lab3.Application", "Lab3.Application\Lab3.Application.csproj", "{E6EB938F-7FAF-4DA5-BC9B-F47BF79DDAE9}"
EndProject
Project("{FAE04EC0-301F-11D3-BF4B-00C04F79EFBC}") = "Lab3.Solving", "Lab3.Solving\Lab3.Solving.csproj", "{18C358B9-967F-4246-AAA8-7CB5DCCE346D}"
EndProject
Project("{FAE04EC0-301F-11D3-BF4B-00C04F79EFBC}") = "Lab3.Tests", "Lab3.Tests\Lab3.Tests.csproj", "{15A8A7BB-CE88-4FF9-AA69-62593356F36B}"
EndProject
Global
	GlobalSection(SolutionConfigurationPlatforms) = preSolution
		Debug|Any CPU = Debug|Any CPU
		Release|Any CPU = Release|Any CPU
	EndGlobalSection
	GlobalSection(ProjectConfigurationPlatforms) = postSolution
		{E6EB938F-7FAF-4DA5-BC9B-F47BF79DDAE9}.Debug|Any CPU.ActiveCfg = Debug|Any CPU
		{E6EB938F-7FAF-4DA5-BC9B-F47BF79DDAE9}.Debug|Any CPU.Build.0 = Debug|Any CPU
		{E6EB938F-7FAF-4DA5-BC9B-F47BF79DDAE9}.Release|Any CPU.ActiveCfg = Release|Any CPU
		{E6EB938F-7FAF-4DA5-BC9B-F47BF79DDAE9}.Release|Any CPU.Build.0 = Release|Any CPU
		{18C358B9-967F-4246-AAA8-7CB5DCCE346D}.Debug|Any CPU.ActiveCfg = Debug|Any CPU
		{18C358B9-967F-4246-AAA8-7CB5DCCE346D}.Debug|Any CPU.Build.0 = Debug|Any CPU
		{18C358B9-967F-4246-AAA8-7CB5DCCE346D}.Release|Any CPU.ActiveCfg = Release|Any CPU
		{18C358B9-967F-4246-AAA8-7CB5DCCE346D}.Release|Any CPU.Build.0 = Release|Any CPU
		{15A8A7BB-CE88-4FF9-AA69-62593356F36B}.Debug|Any CPU.ActiveCfg = Debug|Any CPU
		{15A8A7BB-CE88-4FF9-AA69-62593356F36B}.Debug|Any CPU.Build.0 = Debug|Any CPU
		{15A8A7BB-CE88-4FF9-AA69-62593356F36B}.Release|Any CPU.ActiveCfg = Release|Any CPU
		{15A8A7BB-CE88-4FF9-AA69-62593356F36B}.Release|Any CPU.Build.0 = Release|Any CPU
	EndGlobalSection
EndGlobal
